
Microsoft Visual Studio Solution File, Format Version 12.00
# Visual Studio 2012
Project("{FAE04EC0-301F-11D3-BF4B-00C04F79EFBC}") = "ScriptCs.ArcGIS", "ScriptCs.ArcGIS\ScriptCs.ArcGIS.csproj", "{97F549B0-B8AE-4908-850E-F36568124B95}"
EndProject
Project("{2150E333-8FDC-42A3-9474-1A3956D46DE8}") = "Solution Items", "Solution Items", "{E7838918-7FF8-4DD8-8C1D-C3DC27EE8449}"
	ProjectSection(SolutionItems) = preProject
		ScriptCs.ArcGIS.nuspec = ScriptCs.ArcGIS.nuspec
	EndProjectSection
EndProject
Project("{2150E333-8FDC-42A3-9474-1A3956D46DE8}") = "samples", "samples", "{271DBFC0-2CA9-42BD-8FA6-C167C8902350}"
	ProjectSection(SolutionItems) = preProject
		samples\geocode.csx = samples\geocode.csx
		samples\packages.config = samples\packages.config
		samples\query.csx = samples\query.csx
		samples\queryandreversegeocode.csx = samples\queryandreversegeocode.csx
		samples\readme.md = samples\readme.md
		samples\reversegeocode.csx = samples\reversegeocode.csx
		samples\servicestatus.csx = samples\servicestatus.csx
		samples\start.csx = samples\start.csx
	EndProjectSection
EndProject
Global
	GlobalSection(SolutionConfigurationPlatforms) = preSolution
		Debug|Any CPU = Debug|Any CPU
		Release|Any CPU = Release|Any CPU
	EndGlobalSection
	GlobalSection(ProjectConfigurationPlatforms) = postSolution
		{97F549B0-B8AE-4908-850E-F36568124B95}.Debug|Any CPU.ActiveCfg = Debug|Any CPU
		{97F549B0-B8AE-4908-850E-F36568124B95}.Debug|Any CPU.Build.0 = Debug|Any CPU
		{97F549B0-B8AE-4908-850E-F36568124B95}.Release|Any CPU.ActiveCfg = Release|Any CPU
		{97F549B0-B8AE-4908-850E-F36568124B95}.Release|Any CPU.Build.0 = Release|Any CPU
	EndGlobalSection
	GlobalSection(SolutionProperties) = preSolution
		HideSolutionNode = FALSE
	EndGlobalSection
EndGlobal
